
Microsoft Visual Studio Solution File, Format Version 12.00
# Visual Studio Version 16
VisualStudioVersion = 16.0.31515.178
MinimumVisualStudioVersion = 10.0.40219.1
Project("{8BC9CEB8-8B4A-11D0-8D11-00A0C91BC942}") = "Direct3DSurfaceAccess", "Direct3DSurfaceAccess.vcxproj", "{DBC6E724-2767-4A5D-A882-DBDB4C10D93A}"
EndProject
Global
	GlobalSection(SolutionConfigurationPlatforms) = preSolution
		Debug|ARM = Debug|ARM
		Release|ARM = Release|ARM
	EndGlobalSection
	GlobalSection(ProjectConfigurationPlatforms) = postSolution
		{DBC6E724-2767-4A5D-A882-DBDB4C10D93A}.Debug|ARM.ActiveCfg = Debug|ARM
		{DBC6E724-2767-4A5D-A882-DBDB4C10D93A}.Debug|ARM.Build.0 = Debug|ARM
		{DBC6E724-2767-4A5D-A882-DBDB4C10D93A}.Release|ARM.ActiveCfg = Release|ARM
		{DBC6E724-2767-4A5D-A882-DBDB4C10D93A}.Release|ARM.Build.0 = Release|ARM
	EndGlobalSection
	GlobalSection(SolutionProperties) = preSolution
		HideSolutionNode = FALSE
	EndGlobalSection
	GlobalSection(ExtensibilityGlobals) = postSolution
		SolutionGuid = {AC569782-0592-42EC-A111-77B5ECB3A9EA}
	EndGlobalSection
EndGlobal
